
Microsoft Visual Studio Solution File, Format Version 12.00
# Visual Studio Version 17
VisualStudioVersion = 17.0.31903.59
MinimumVisualStudioVersion = 10.0.40219.1
Project("{FAE04EC0-301F-11D3-BF4B-00C04F79EFBC}") = "eCommerce.API", "eCommerce.API\eCommerce.API.csproj", "{4A460DD1-7A25-429E-9F7C-5753FF185E94}"
EndProject
Project("{FAE04EC0-301F-11D3-BF4B-00C04F79EFBC}") = "eCommerce.Models", "eCommerce.Models\eCommerce.Models.csproj", "{594A8867-030A-468D-96E5-0D4330AD3406}"
EndProject
Project("{FAE04EC0-301F-11D3-BF4B-00C04F79EFBC}") = "eCommerce.Models.DataAnnotations", "eCommerce.Models.DataAnnotations\eCommerce.Models.DataAnnotations.csproj", "{D78DB5D7-BFCC-4616-A205-186F74E1DDED}"
EndProject
Global
	GlobalSection(SolutionConfigurationPlatforms) = preSolution
		Debug|Any CPU = Debug|Any CPU
		Release|Any CPU = Release|Any CPU
	EndGlobalSection
	GlobalSection(SolutionProperties) = preSolution
		HideSolutionNode = FALSE
	EndGlobalSection
	GlobalSection(ProjectConfigurationPlatforms) = postSolution
		{4A460DD1-7A25-429E-9F7C-5753FF185E94}.Debug|Any CPU.ActiveCfg = Debug|Any CPU
		{4A460DD1-7A25-429E-9F7C-5753FF185E94}.Debug|Any CPU.Build.0 = Debug|Any CPU
		{4A460DD1-7A25-429E-9F7C-5753FF185E94}.Release|Any CPU.ActiveCfg = Release|Any CPU
		{4A460DD1-7A25-429E-9F7C-5753FF185E94}.Release|Any CPU.Build.0 = Release|Any CPU
		{594A8867-030A-468D-96E5-0D4330AD3406}.Debug|Any CPU.ActiveCfg = Debug|Any CPU
		{594A8867-030A-468D-96E5-0D4330AD3406}.Debug|Any CPU.Build.0 = Debug|Any CPU
		{594A8867-030A-468D-96E5-0D4330AD3406}.Release|Any CPU.ActiveCfg = Release|Any CPU
		{594A8867-030A-468D-96E5-0D4330AD3406}.Release|Any CPU.Build.0 = Release|Any CPU
		{D78DB5D7-BFCC-4616-A205-186F74E1DDED}.Debug|Any CPU.ActiveCfg = Debug|Any CPU
		{D78DB5D7-BFCC-4616-A205-186F74E1DDED}.Debug|Any CPU.Build.0 = Debug|Any CPU
		{D78DB5D7-BFCC-4616-A205-186F74E1DDED}.Release|Any CPU.ActiveCfg = Release|Any CPU
		{D78DB5D7-BFCC-4616-A205-186F74E1DDED}.Release|Any CPU.Build.0 = Release|Any CPU
	EndGlobalSection
EndGlobal
